// !$*UTF8*$!
{
	archiveVersion = 1;
	classes = {
	};
	objectVersion = 46;
	objects = {

/* Begin PBXBuildFile section */
		D24408D91F6873A700D58AC7 /* AppDelegate.swift in Sources */ = {isa = PBXBuildFile; fileRef = D24408D81F6873A700D58AC7 /* AppDelegate.swift */; };
		D24408DB1F6873A700D58AC7 /* ViewController.swift in Sources */ = {isa = PBXBuildFile; fileRef = D24408DA1F6873A700D58AC7 /* ViewController.swift */; };
		D24408DE1F6873A700D58AC7 /* Main.storyboard in Resources */ = {isa = PBXBuildFile; fileRef = D24408DC1F6873A700D58AC7 /* Main.storyboard */; };
		D24408E01F6873A700D58AC7 /* Assets.xcassets in Resources */ = {isa = PBXBuildFile; fileRef = D24408DF1F6873A700D58AC7 /* Assets.xcassets */; };
		D24408E31F6873A700D58AC7 /* LaunchScreen.storyboard in Resources */ = {isa = PBXBuildFile; fileRef = D24408E11F6873A700D58AC7 /* LaunchScreen.storyboard */; };
		D24408EE1F6873A700D58AC7 /* iOSHelloWorldTests.swift in Sources */ = {isa = PBXBuildFile; fileRef = D24408ED1F6873A700D58AC7 /* iOSHelloWorldTests.swift */; };
		D24408F91F6873A700D58AC7 /* iOSHelloWorldUITests.swift in Sources */ = {isa = PBXBuildFile; fileRef = D24408F81F6873A700D58AC7 /* iOSHelloWorldUITests.swift */; };
/* End PBXBuildFile section */

/* Begin PBXContainerItemProxy section */
		D24408EA1F6873A700D58AC7 /* PBXContainerItemProxy */ = {
			isa = PBXContainerItemProxy;
			containerPortal = D24408CD1F6873A700D58AC7 /* Project object */;
			proxyType = 1;
			remoteGlobalIDString = D24408D41F6873A700D58AC7;
			remoteInfo = iOSHelloWorld;
		};
		D24408F51F6873A700D58AC7 /* PBXContainerItemProxy */ = {
			isa = PBXContainerItemProxy;
			containerPortal = D24408CD1F6873A700D58AC7 /* Project object */;
			proxyType = 1;
			remoteGlobalIDString = D24408D41F6873A700D58AC7;
			remoteInfo = iOSHelloWorld;
		};
/* End PBXContainerItemProxy section */

/* Begin PBXFileReference section */
		D24408D51F6873A700D58AC7 /* iOSHelloWorld.app */ = {isa = PBXFileReference; explicitFileType = wrapper.application; includeInIndex = 0; path = iOSHelloWorld.app; sourceTree = BUILT_PRODUCTS_DIR; };
		D24408D81F6873A700D58AC7 /* AppDelegate.swift */ = {isa = PBXFileReference; lastKnownFileType = sourcecode.swift; path = AppDelegate.swift; sourceTree = "<group>"; };
		D24408DA1F6873A700D58AC7 /* ViewController.swift */ = {isa = PBXFileReference; lastKnownFileType = sourcecode.swift; path = ViewController.swift; sourceTree = "<group>"; };
		D24408DD1F6873A700D58AC7 /* Base */ = {isa = PBXFileReference; lastKnownFileType = file.storyboard; name = Base; path = Base.lproj/Main.storyboard; sourceTree = "<group>"; };
		D24408DF1F6873A700D58AC7 /* Assets.xcassets */ = {isa = PBXFileReference; lastKnownFileType = folder.assetcatalog; path = Assets.xcassets; sourceTree = "<group>"; };
		D24408E21F6873A700D58AC7 /* Base */ = {isa = PBXFileReference; lastKnownFileType = file.storyboard; name = Base; path = Base.lproj/LaunchScreen.storyboard; sourceTree = "<group>"; };
		D24408E41F6873A700D58AC7 /* Info.plist */ = {isa = PBXFileReference; lastKnownFileType = text.plist.xml; path = Info.plist; sourceTree = "<group>"; };
		D24408E91F6873A700D58AC7 /* iOSHelloWorldTests.xctest */ = {isa = PBXFileReference; explicitFileType = wrapper.cfbundle; includeInIndex = 0; path = iOSHelloWorldTests.xctest; sourceTree = BUILT_PRODUCTS_DIR; };
		D24408ED1F6873A700D58AC7 /* iOSHelloWorldTests.swift */ = {isa = PBXFileReference; lastKnownFileType = sourcecode.swift; path = iOSHelloWorldTests.swift; sourceTree = "<group>"; };
		D24408EF1F6873A700D58AC7 /* Info.plist */ = {isa = PBXFileReference; lastKnownFileType = text.plist.xml; path = Info.plist; sourceTree = "<group>"; };
		D24408F41F6873A700D58AC7 /* iOSHelloWorldUITests.xctest */ = {isa = PBXFileReference; explicitFileType = wrapper.cfbundle; includeInIndex = 0; path = iOSHelloWorldUITests.xctest; sourceTree = BUILT_PRODUCTS_DIR; };
		D24408F81F6873A700D58AC7 /* iOSHelloWorldUITests.swift */ = {isa = PBXFileReference; lastKnownFileType = sourcecode.swift; path = iOSHelloWorldUITests.swift; sourceTree = "<group>"; };
		D24408FA1F6873A700D58AC7 /* Info.plist */ = {isa = PBXFileReference; lastKnownFileType = text.plist.xml; path = Info.plist; sourceTree = "<group>"; };
/* End PBXFileReference section */

/* Begin PBXFrameworksBuildPhase section */
		D24408D21F6873A700D58AC7 /* Frameworks */ = {
			isa = PBXFrameworksBuildPhase;
			buildActionMask = 2147483647;
			files = (
			);
			runOnlyForDeploymentPostprocessing = 0;
		};
		D24408E61F6873A700D58AC7 /* Frameworks */ = {
			isa = PBXFrameworksBuildPhase;
			buildActionMask = 2147483647;
			files = (
			);
			runOnlyForDeploymentPostprocessing = 0;
		};
		D24408F11F6873A700D58AC7 /* Frameworks */ = {
			isa = PBXFrameworksBuildPhase;
			buildActionMask = 2147483647;
			files = (
			);
			runOnlyForDeploymentPostprocessing = 0;
		};
/* End PBXFrameworksBuildPhase section */

/* Begin PBXGroup section */
		D24408CC1F6873A700D58AC7 = {
			isa = PBXGroup;
			children = (
				D24408D71F6873A700D58AC7 /* iOSHelloWorld */,
				D24408EC1F6873A700D58AC7 /* iOSHelloWorldTests */,
				D24408F71F6873A700D58AC7 /* iOSHelloWorldUITests */,
				D24408D61F6873A700D58AC7 /* Products */,
			);
			sourceTree = "<group>";
		};
		D24408D61F6873A700D58AC7 /* Products */ = {
			isa = PBXGroup;
			children = (
				D24408D51F6873A700D58AC7 /* iOSHelloWorld.app */,
				D24408E91F6873A700D58AC7 /* iOSHelloWorldTests.xctest */,
				D24408F41F6873A700D58AC7 /* iOSHelloWorldUITests.xctest */,
			);
			name = Products;
			sourceTree = "<group>";
		};
		D24408D71F6873A700D58AC7 /* iOSHelloWorld */ = {
			isa = PBXGroup;
			children = (
				D24408D81F6873A700D58AC7 /* AppDelegate.swift */,
				D24408DA1F6873A700D58AC7 /* ViewController.swift */,
				D24408DC1F6873A700D58AC7 /* Main.storyboard */,
				D24408DF1F6873A700D58AC7 /* Assets.xcassets */,
				D24408E11F6873A700D58AC7 /* LaunchScreen.storyboard */,
				D24408E41F6873A700D58AC7 /* Info.plist */,
			);
			path = iOSHelloWorld;
			sourceTree = "<group>";
		};
		D24408EC1F6873A700D58AC7 /* iOSHelloWorldTests */ = {
			isa = PBXGroup;
			children = (
				D24408ED1F6873A700D58AC7 /* iOSHelloWorldTests.swift */,
				D24408EF1F6873A700D58AC7 /* Info.plist */,
			);
			path = iOSHelloWorldTests;
			sourceTree = "<group>";
		};
		D24408F71F6873A700D58AC7 /* iOSHelloWorldUITests */ = {
			isa = PBXGroup;
			children = (
				D24408F81F6873A700D58AC7 /* iOSHelloWorldUITests.swift */,
				D24408FA1F6873A700D58AC7 /* Info.plist */,
			);
			path = iOSHelloWorldUITests;
			sourceTree = "<group>";
		};
/* End PBXGroup section */

/* Begin PBXNativeTarget section */
		D24408D41F6873A700D58AC7 /* iOSHelloWorld */ = {
			isa = PBXNativeTarget;
			buildConfigurationList = D24408FD1F6873A700D58AC7 /* Build configuration list for PBXNativeTarget "iOSHelloWorld" */;
			buildPhases = (
				D24408D11F6873A700D58AC7 /* Sources */,
				D24408D21F6873A700D58AC7 /* Frameworks */,
				D24408D31F6873A700D58AC7 /* Resources */,
			);
			buildRules = (
			);
			dependencies = (
			);
			name = iOSHelloWorld;
			productName = iOSHelloWorld;
			productReference = D24408D51F6873A700D58AC7 /* iOSHelloWorld.app */;
			productType = "com.apple.product-type.application";
		};
		D24408E81F6873A700D58AC7 /* iOSHelloWorldTests */ = {
			isa = PBXNativeTarget;
			buildConfigurationList = D24409001F6873A700D58AC7 /* Build configuration list for PBXNativeTarget "iOSHelloWorldTests" */;
			buildPhases = (
				D24408E51F6873A700D58AC7 /* Sources */,
				D24408E61F6873A700D58AC7 /* Frameworks */,
				D24408E71F6873A700D58AC7 /* Resources */,
			);
			buildRules = (
			);
			dependencies = (
				D24408EB1F6873A700D58AC7 /* PBXTargetDependency */,
			);
			name = iOSHelloWorldTests;
			productName = iOSHelloWorldTests;
			productReference = D24408E91F6873A700D58AC7 /* iOSHelloWorldTests.xctest */;
			productType = "com.apple.product-type.bundle.unit-test";
		};
		D24408F31F6873A700D58AC7 /* iOSHelloWorldUITests */ = {
			isa = PBXNativeTarget;
			buildConfigurationList = D24409031F6873A700D58AC7 /* Build configuration list for PBXNativeTarget "iOSHelloWorldUITests" */;
			buildPhases = (
				D24408F01F6873A700D58AC7 /* Sources */,
				D24408F11F6873A700D58AC7 /* Frameworks */,
				D24408F21F6873A700D58AC7 /* Resources */,
			);
			buildRules = (
			);
			dependencies = (
				D24408F61F6873A700D58AC7 /* PBXTargetDependency */,
			);
			name = iOSHelloWorldUITests;
			productName = iOSHelloWorldUITests;
			productReference = D24408F41F6873A700D58AC7 /* iOSHelloWorldUITests.xctest */;
			productType = "com.apple.product-type.bundle.ui-testing";
		};
/* End PBXNativeTarget section */

/* Begin PBXProject section */
		D24408CD1F6873A700D58AC7 /* Project object */ = {
			isa = PBXProject;
			attributes = {
				LastSwiftUpdateCheck = 0830;
				LastUpgradeCheck = 0830;
				TargetAttributes = {
					D24408D41F6873A700D58AC7 = {
						CreatedOnToolsVersion = 8.3.3;
						ProvisioningStyle = Automatic;
					};
					D24408E81F6873A700D58AC7 = {
						CreatedOnToolsVersion = 8.3.3;
						ProvisioningStyle = Automatic;
						TestTargetID = D24408D41F6873A700D58AC7;
					};
					D24408F31F6873A700D58AC7 = {
						CreatedOnToolsVersion = 8.3.3;
						ProvisioningStyle = Automatic;
						TestTargetID = D24408D41F6873A700D58AC7;
					};
				};
			};
			buildConfigurationList = D24408D01F6873A700D58AC7 /* Build configuration list for PBXProject "iOSHelloWorld" */;
			compatibilityVersion = "Xcode 3.2";
			developmentRegion = English;
			hasScannedForEncodings = 0;
			knownRegions = (
				en,
				Base,
			);
			mainGroup = D24408CC1F6873A700D58AC7;
			productRefGroup = D24408D61F6873A700D58AC7 /* Products */;
			projectDirPath = "";
			projectRoot = "";
			targets = (
				D24408D41F6873A700D58AC7 /* iOSHelloWorld */,
				D24408E81F6873A700D58AC7 /* iOSHelloWorldTests */,
				D24408F31F6873A700D58AC7 /* iOSHelloWorldUITests */,
			);
		};
/* End PBXProject section */

/* Begin PBXResourcesBuildPhase section */
		D24408D31F6873A700D58AC7 /* Resources */ = {
			isa = PBXResourcesBuildPhase;
			buildActionMask = 2147483647;
			files = (
				D24408E31F6873A700D58AC7 /* LaunchScreen.storyboard in Resources */,
				D24408E01F6873A700D58AC7 /* Assets.xcassets in Resources */,
				D24408DE1F6873A700D58AC7 /* Main.storyboard in Resources */,
			);
			runOnlyForDeploymentPostprocessing = 0;
		};
		D24408E71F6873A700D58AC7 /* Resources */ = {
			isa = PBXResourcesBuildPhase;
			buildActionMask = 2147483647;
			files = (
			);
			runOnlyForDeploymentPostprocessing = 0;
		};
		D24408F21F6873A700D58AC7 /* Resources */ = {
			isa = PBXResourcesBuildPhase;
			buildActionMask = 2147483647;
			files = (
			);
			runOnlyForDeploymentPostprocessing = 0;
		};
/* End PBXResourcesBuildPhase section */

/* Begin PBXSourcesBuildPhase section */
		D24408D11F6873A700D58AC7 /* Sources */ = {
			isa = PBXSourcesBuildPhase;
			buildActionMask = 2147483647;
			files = (
				D24408DB1F6873A700D58AC7 /* ViewController.swift in Sources */,
				D24408D91F6873A700D58AC7 /* AppDelegate.swift in Sources */,
			);
			runOnlyForDeploymentPostprocessing = 0;
		};
		D24408E51F6873A700D58AC7 /* Sources */ = {
			isa = PBXSourcesBuildPhase;
			buildActionMask = 2147483647;
			files = (
				D24408EE1F6873A700D58AC7 /* iOSHelloWorldTests.swift in Sources */,
			);
			runOnlyForDeploymentPostprocessing = 0;
		};
		D24408F01F6873A700D58AC7 /* Sources */ = {
			isa = PBXSourcesBuildPhase;
			buildActionMask = 2147483647;
			files = (
				D24408F91F6873A700D58AC7 /* iOSHelloWorldUITests.swift in Sources */,
			);
			runOnlyForDeploymentPostprocessing = 0;
		};
/* End PBXSourcesBuildPhase section */

/* Begin PBXTargetDependency section */
		D24408EB1F6873A700D58AC7 /* PBXTargetDependency */ = {
			isa = PBXTargetDependency;
			target = D24408D41F6873A700D58AC7 /* iOSHelloWorld */;
			targetProxy = D24408EA1F6873A700D58AC7 /* PBXContainerItemProxy */;
		};
		D24408F61F6873A700D58AC7 /* PBXTargetDependency */ = {
			isa = PBXTargetDependency;
			target = D24408D41F6873A700D58AC7 /* iOSHelloWorld */;
			targetProxy = D24408F51F6873A700D58AC7 /* PBXContainerItemProxy */;
		};
/* End PBXTargetDependency section */

/* Begin PBXVariantGroup section */
		D24408DC1F6873A700D58AC7 /* Main.storyboard */ = {
			isa = PBXVariantGroup;
			children = (
				D24408DD1F6873A700D58AC7 /* Base */,
			);
			name = Main.storyboard;
			sourceTree = "<group>";
		};
		D24408E11F6873A700D58AC7 /* LaunchScreen.storyboard */ = {
			isa = PBXVariantGroup;
			children = (
				D24408E21F6873A700D58AC7 /* Base */,
			);
			name = LaunchScreen.storyboard;
			sourceTree = "<group>";
		};
/* End PBXVariantGroup section */

/* Begin XCBuildConfiguration section */
		D24408FB1F6873A700D58AC7 /* Debug */ = {
			isa = XCBuildConfiguration;
			buildSettings = {
				ALWAYS_SEARCH_USER_PATHS = NO;
				CLANG_ANALYZER_NONNULL = YES;
				CLANG_ANALYZER_NUMBER_OBJECT_CONVERSION = YES_AGGRESSIVE;
				CLANG_CXX_LANGUAGE_STANDARD = "gnu++0x";
				CLANG_CXX_LIBRARY = "libc++";
				CLANG_ENABLE_MODULES = YES;
				CLANG_ENABLE_OBJC_ARC = YES;
				CLANG_WARN_BOOL_CONVERSION = YES;
				CLANG_WARN_CONSTANT_CONVERSION = YES;
				CLANG_WARN_DIRECT_OBJC_ISA_USAGE = YES_ERROR;
				CLANG_WARN_DOCUMENTATION_COMMENTS = YES;
				CLANG_WARN_EMPTY_BODY = YES;
				CLANG_WARN_ENUM_CONVERSION = YES;
				CLANG_WARN_INFINITE_RECURSION = YES;
				CLANG_WARN_INT_CONVERSION = YES;
				CLANG_WARN_OBJC_ROOT_CLASS = YES_ERROR;
				CLANG_WARN_SUSPICIOUS_MOVE = YES;
				CLANG_WARN_UNREACHABLE_CODE = YES;
				CLANG_WARN__DUPLICATE_METHOD_MATCH = YES;
				"CODE_SIGN_IDENTITY[sdk=iphoneos*]" = "iPhone Developer";
				COPY_PHASE_STRIP = NO;
				DEBUG_INFORMATION_FORMAT = dwarf;
				ENABLE_STRICT_OBJC_MSGSEND = YES;
				ENABLE_TESTABILITY = YES;
				GCC_C_LANGUAGE_STANDARD = gnu99;
				GCC_DYNAMIC_NO_PIC = NO;
				GCC_NO_COMMON_BLOCKS = YES;
				GCC_OPTIMIZATION_LEVEL = 0;
				GCC_PREPROCESSOR_DEFINITIONS = (
					"DEBUG=1",
					"$(inherited)",
				);
				GCC_WARN_64_TO_32_BIT_CONVERSION = YES;
				GCC_WARN_ABOUT_RETURN_TYPE = YES_ERROR;
				GCC_WARN_UNDECLARED_SELECTOR = YES;
				GCC_WARN_UNINITIALIZED_AUTOS = YES_AGGRESSIVE;
				GCC_WARN_UNUSED_FUNCTION = YES;
				GCC_WARN_UNUSED_VARIABLE = YES;
				IPHONEOS_DEPLOYMENT_TARGET = 10.3;
				MTL_ENABLE_DEBUG_INFO = YES;
				ONLY_ACTIVE_ARCH = YES;
				SDKROOT = iphoneos;
				SWIFT_ACTIVE_COMPILATION_CONDITIONS = DEBUG;
				SWIFT_OPTIMIZATION_LEVEL = "-Onone";
				TARGETED_DEVICE_FAMILY = "1,2";
			};
			name = Debug;
		};
		D24408FC1F6873A700D58AC7 /* Release */ = {
			isa = XCBuildConfiguration;
			buildSettings = {
				ALWAYS_SEARCH_USER_PATHS = NO;
				CLANG_ANALYZER_NONNULL = YES;
				CLANG_ANALYZER_NUMBER_OBJECT_CONVERSION = YES_AGGRESSIVE;
				CLANG_CXX_LANGUAGE_STANDARD = "gnu++0x";
				CLANG_CXX_LIBRARY = "libc++";
				CLANG_ENABLE_MODULES = YES;
				CLANG_ENABLE_OBJC_ARC = YES;
				CLANG_WARN_BOOL_CONVERSION = YES;
				CLANG_WARN_CONSTANT_CONVERSION = YES;
				CLANG_WARN_DIRECT_OBJC_ISA_USAGE = YES_ERROR;
				CLANG_WARN_DOCUMENTATION_COMMENTS = YES;
				CLANG_WARN_EMPTY_BODY = YES;
				CLANG_WARN_ENUM_CONVERSION = YES;
				CLANG_WARN_INFINITE_RECURSION = YES;
				CLANG_WARN_INT_CONVERSION = YES;
				CLANG_WARN_OBJC_ROOT_CLASS = YES_ERROR;
				CLANG_WARN_SUSPICIOUS_MOVE = YES;
				CLANG_WARN_UNREACHABLE_CODE = YES;
				CLANG_WARN__DUPLICATE_METHOD_MATCH = YES;
				"CODE_SIGN_IDENTITY[sdk=iphoneos*]" = "iPhone Developer";
				COPY_PHASE_STRIP = NO;
				DEBUG_INFORMATION_FORMAT = "dwarf-with-dsym";
				ENABLE_NS_ASSERTIONS = NO;
				ENABLE_STRICT_OBJC_MSGSEND = YES;
				GCC_C_LANGUAGE_STANDARD = gnu99;
				GCC_NO_COMMON_BLOCKS = YES;
				GCC_WARN_64_TO_32_BIT_CONVERSION = YES;
				GCC_WARN_ABOUT_RETURN_TYPE = YES_ERROR;
				GCC_WARN_UNDECLARED_SELECTOR = YES;
				GCC_WARN_UNINITIALIZED_AUTOS = YES_AGGRESSIVE;
				GCC_WARN_UNUSED_FUNCTION = YES;
				GCC_WARN_UNUSED_VARIABLE = YES;
				IPHONEOS_DEPLOYMENT_TARGET = 10.3;
				MTL_ENABLE_DEBUG_INFO = NO;
				SDKROOT = iphoneos;
				SWIFT_OPTIMIZATION_LEVEL = "-Owholemodule";
				TARGETED_DEVICE_FAMILY = "1,2";
				VALIDATE_PRODUCT = YES;
			};
			name = Release;
		};
		D24408FE1F6873A700D58AC7 /* Debug */ = {
			isa = XCBuildConfiguration;
			buildSettings = {
				ASSETCATALOG_COMPILER_APPICON_NAME = AppIcon;
				INFOPLIST_FILE = iOSHelloWorld/Info.plist;
				LD_RUNPATH_SEARCH_PATHS = "$(inherited) @executable_path/Frameworks";
				PRODUCT_BUNDLE_IDENTIFIER = com.microsoft.samples.adventworks.iOSHelloWorld;
				PRODUCT_NAME = "$(TARGET_NAME)";
				SWIFT_VERSION = 5.0;
			};
			name = Debug;
		};
		D24408FF1F6873A700D58AC7 /* Release */ = {
			isa = XCBuildConfiguration;
			buildSettings = {
				ASSETCATALOG_COMPILER_APPICON_NAME = AppIcon;
				INFOPLIST_FILE = iOSHelloWorld/Info.plist;
				LD_RUNPATH_SEARCH_PATHS = "$(inherited) @executable_path/Frameworks";
				PRODUCT_BUNDLE_IDENTIFIER = com.microsoft.samples.adventworks.iOSHelloWorld;
				PRODUCT_NAME = "$(TARGET_NAME)";
				SWIFT_VERSION = 5.0;
			};
			name = Release;
		};
		D24409011F6873A700D58AC7 /* Debug */ = {
			isa = XCBuildConfiguration;
			buildSettings = {
				ALWAYS_EMBED_SWIFT_STANDARD_LIBRARIES = YES;
				BUNDLE_LOADER = "$(TEST_HOST)";
				INFOPLIST_FILE = iOSHelloWorldTests/Info.plist;
				LD_RUNPATH_SEARCH_PATHS = "$(inherited) @executable_path/Frameworks @loader_path/Frameworks";
				PRODUCT_BUNDLE_IDENTIFIER = com.microsoft.samples.adventworks.iOSHelloWorldTests;
				PRODUCT_NAME = "$(TARGET_NAME)";
				SWIFT_VERSION = 5.0;
				TEST_HOST = "$(BUILT_PRODUCTS_DIR)/iOSHelloWorld.app/iOSHelloWorld";
			};
			name = Debug;
		};
		D24409021F6873A700D58AC7 /* Release */ = {
			isa = XCBuildConfiguration;
			buildSettings = {
				ALWAYS_EMBED_SWIFT_STANDARD_LIBRARIES = YES;
				BUNDLE_LOADER = "$(TEST_HOST)";
				INFOPLIST_FILE = iOSHelloWorldTests/Info.plist;
				LD_RUNPATH_SEARCH_PATHS = "$(inherited) @executable_path/Frameworks @loader_path/Frameworks";
				PRODUCT_BUNDLE_IDENTIFIER = com.microsoft.samples.adventworks.iOSHelloWorldTests;
				PRODUCT_NAME = "$(TARGET_NAME)";
				SWIFT_VERSION = 5.0;
				TEST_HOST = "$(BUILT_PRODUCTS_DIR)/iOSHelloWorld.app/iOSHelloWorld";
			};
			name = Release;
		};
		D24409041F6873A700D58AC7 /* Debug */ = {
			isa = XCBuildConfiguration;
			buildSettings = {
				ALWAYS_EMBED_SWIFT_STANDARD_LIBRARIES = YES;
				INFOPLIST_FILE = iOSHelloWorldUITests/Info.plist;
				LD_RUNPATH_SEARCH_PATHS = "$(inherited) @executable_path/Frameworks @loader_path/Frameworks";
				PRODUCT_BUNDLE_IDENTIFIER = com.microsoft.samples.adventworks.iOSHelloWorldUITests;
				PRODUCT_NAME = "$(TARGET_NAME)";
				SWIFT_VERSION = 5.0;
				TEST_TARGET_NAME = iOSHelloWorld;
			};
			name = Debug;
		};
		D24409051F6873A700D58AC7 /* Release */ = {
			isa = XCBuildConfiguration;
			buildSettings = {
				ALWAYS_EMBED_SWIFT_STANDARD_LIBRARIES = YES;
				INFOPLIST_FILE = iOSHelloWorldUITests/Info.plist;
				LD_RUNPATH_SEARCH_PATHS = "$(inherited) @executable_path/Frameworks @loader_path/Frameworks";
				PRODUCT_BUNDLE_IDENTIFIER = com.microsoft.samples.adventworks.iOSHelloWorldUITests;
				PRODUCT_NAME = "$(TARGET_NAME)";
				SWIFT_VERSION = 5.0;
				TEST_TARGET_NAME = iOSHelloWorld;
			};
			name = Release;
		};
/* End XCBuildConfiguration section */

/* Begin XCConfigurationList section */
		D24408D01F6873A700D58AC7 /* Build configuration list for PBXProject "iOSHelloWorld" */ = {
			isa = XCConfigurationList;
			buildConfigurations = (
				D24408FB1F6873A700D58AC7 /* Debug */,
				D24408FC1F6873A700D58AC7 /* Release */,
			);
			defaultConfigurationIsVisible = 0;
			defaultConfigurationName = Release;
		};
		D24408FD1F6873A700D58AC7 /* Build configuration list for PBXNativeTarget "iOSHelloWorld" */ = {
			isa = XCConfigurationList;
			buildConfigurations = (
				D24408FE1F6873A700D58AC7 /* Debug */,
				D24408FF1F6873A700D58AC7 /* Release */,
			);
			defaultConfigurationIsVisible = 0;
		};
		D24409001F6873A700D58AC7 /* Build configuration list for PBXNativeTarget "iOSHelloWorldTests" */ = {
			isa = XCConfigurationList;
			buildConfigurations = (
				D24409011F6873A700D58AC7 /* Debug */,
				D24409021F6873A700D58AC7 /* Release */,
			);
			defaultConfigurationIsVisible = 0;
		};
		D24409031F6873A700D58AC7 /* Build configuration list for PBXNativeTarget "iOSHelloWorldUITests" */ = {
			isa = XCConfigurationList;
			buildConfigurations = (
				D24409041F6873A700D58AC7 /* Debug */,
				D24409051F6873A700D58AC7 /* Release */,
			);
			defaultConfigurationIsVisible = 0;
		};
/* End XCConfigurationList section */
	};
	rootObject = D24408CD1F6873A700D58AC7 /* Project object */;
}
